
Microsoft Visual Studio Solution File, Format Version 10.00
# Visual Studio 2008
Project("{8BC9CEB8-8B4A-11D0-8D11-00A0C91BC942}") = "formengine", "formengine.vcproj", "{FC9A1EE6-D9DB-47F6-B0ED-8867439C43CE}"
EndProject
Global
	GlobalSection(SolutionConfigurationPlatforms) = preSolution
		Debug|Win32 = Debug|Win32
		Release|Win32 = Release|Win32
	EndGlobalSection
	GlobalSection(ProjectConfigurationPlatforms) = postSolution
		{FC9A1EE6-D9DB-47F6-B0ED-8867439C43CE}.Debug|Win32.ActiveCfg = Debug|Win32
		{FC9A1EE6-D9DB-47F6-B0ED-8867439C43CE}.Debug|Win32.Build.0 = Debug|Win32
		{FC9A1EE6-D9DB-47F6-B0ED-8867439C43CE}.Release|Win32.ActiveCfg = Release|Win32
		{FC9A1EE6-D9DB-47F6-B0ED-8867439C43CE}.Release|Win32.Build.0 = Release|Win32
	EndGlobalSection
	GlobalSection(SolutionProperties) = preSolution
		HideSolutionNode = FALSE
	EndGlobalSection
EndGlobal
